// !$*UTF8*$!
{
	archiveVersion = 1;
	classes = {
	};
	objectVersion = 55;
	objects = {

/* Begin PBXBuildFile section */
		FF2E5CE527F4A02A0080882D /* RegisterView.swift in Sources */ = {isa = PBXBuildFile; fileRef = FF2E5CE427F4A02A0080882D /* RegisterView.swift */; };
		FF57D0D127F4A0B900BE2F77 /* ImagePicker.swift in Sources */ = {isa = PBXBuildFile; fileRef = FF57D0D027F4A0B900BE2F77 /* ImagePicker.swift */; };
		FF57D0D327F4A0EB00BE2F77 /* SuccesViewModel.swift in Sources */ = {isa = PBXBuildFile; fileRef = FF57D0D227F4A0EB00BE2F77 /* SuccesViewModel.swift */; };
		FF57D0D527F4A14800BE2F77 /* RegisterViewModel.swift in Sources */ = {isa = PBXBuildFile; fileRef = FF57D0D427F4A14800BE2F77 /* RegisterViewModel.swift */; };
		FF57D0D927F4A47800BE2F77 /* TextFields.swift in Sources */ = {isa = PBXBuildFile; fileRef = FF57D0D827F4A47800BE2F77 /* TextFields.swift */; };
		FF57D0DB27F4A64800BE2F77 /* SecureTextFields.swift in Sources */ = {isa = PBXBuildFile; fileRef = FF57D0DA27F4A64800BE2F77 /* SecureTextFields.swift */; };
		FF57D0DE27F4BF9300BE2F77 /* SDWebImageSwiftUI in Frameworks */ = {isa = PBXBuildFile; productRef = FF57D0DD27F4BF9300BE2F77 /* SDWebImageSwiftUI */; };
		FF6085FD27F43D8900EB4E33 /* FirebaseAuth_SwiftUIApp.swift in Sources */ = {isa = PBXBuildFile; fileRef = FF6085FC27F43D8900EB4E33 /* FirebaseAuth_SwiftUIApp.swift */; };
		FF6085FF27F43D8900EB4E33 /* ContentView.swift in Sources */ = {isa = PBXBuildFile; fileRef = FF6085FE27F43D8900EB4E33 /* ContentView.swift */; };
		FF60860127F43D8B00EB4E33 /* Assets.xcassets in Resources */ = {isa = PBXBuildFile; fileRef = FF60860027F43D8B00EB4E33 /* Assets.xcassets */; };
		FF60860427F43D8B00EB4E33 /* Preview Assets.xcassets in Resources */ = {isa = PBXBuildFile; fileRef = FF60860327F43D8B00EB4E33 /* Preview Assets.xcassets */; };
		FF60861027F4463E00EB4E33 /* FirebaseAuth in Frameworks */ = {isa = PBXBuildFile; productRef = FF60860F27F4463E00EB4E33 /* FirebaseAuth */; };
		FF60861227F4463E00EB4E33 /* FirebaseDatabase in Frameworks */ = {isa = PBXBuildFile; productRef = FF60861127F4463E00EB4E33 /* FirebaseDatabase */; };
		FF60861427F4463E00EB4E33 /* FirebaseFirestore in Frameworks */ = {isa = PBXBuildFile; productRef = FF60861327F4463E00EB4E33 /* FirebaseFirestore */; };
		FF60861627F4463E00EB4E33 /* FirebaseStorage in Frameworks */ = {isa = PBXBuildFile; productRef = FF60861527F4463E00EB4E33 /* FirebaseStorage */; };
		FF60861927F4468500EB4E33 /* LoginViewModel.swift in Sources */ = {isa = PBXBuildFile; fileRef = FF60861827F4468500EB4E33 /* LoginViewModel.swift */; };
		FFDC619527F49958005C8BDF /* GoogleService-Info.plist in Resources */ = {isa = PBXBuildFile; fileRef = FFDC619427F49958005C8BDF /* GoogleService-Info.plist */; };
		FFDC619727F49CD9005C8BDF /* SuccesView.swift in Sources */ = {isa = PBXBuildFile; fileRef = FFDC619627F49CD9005C8BDF /* SuccesView.swift */; };
/* End PBXBuildFile section */

/* Begin PBXFileReference section */
		FF2E5CE427F4A02A0080882D /* RegisterView.swift */ = {isa = PBXFileReference; lastKnownFileType = sourcecode.swift; path = RegisterView.swift; sourceTree = "<group>"; };
		FF57D0D027F4A0B900BE2F77 /* ImagePicker.swift */ = {isa = PBXFileReference; lastKnownFileType = sourcecode.swift; path = ImagePicker.swift; sourceTree = "<group>"; };
		FF57D0D227F4A0EB00BE2F77 /* SuccesViewModel.swift */ = {isa = PBXFileReference; lastKnownFileType = sourcecode.swift; path = SuccesViewModel.swift; sourceTree = "<group>"; };
		FF57D0D427F4A14800BE2F77 /* RegisterViewModel.swift */ = {isa = PBXFileReference; lastKnownFileType = sourcecode.swift; path = RegisterViewModel.swift; sourceTree = "<group>"; };
		FF57D0D827F4A47800BE2F77 /* TextFields.swift */ = {isa = PBXFileReference; lastKnownFileType = sourcecode.swift; path = TextFields.swift; sourceTree = "<group>"; };
		FF57D0DA27F4A64800BE2F77 /* SecureTextFields.swift */ = {isa = PBXFileReference; lastKnownFileType = sourcecode.swift; path = SecureTextFields.swift; sourceTree = "<group>"; };
		FF6085F927F43D8900EB4E33 /* FirebaseAuth-SwiftUI.app */ = {isa = PBXFileReference; explicitFileType = wrapper.application; includeInIndex = 0; path = "FirebaseAuth-SwiftUI.app"; sourceTree = BUILT_PRODUCTS_DIR; };
		FF6085FC27F43D8900EB4E33 /* FirebaseAuth_SwiftUIApp.swift */ = {isa = PBXFileReference; lastKnownFileType = sourcecode.swift; path = FirebaseAuth_SwiftUIApp.swift; sourceTree = "<group>"; };
		FF6085FE27F43D8900EB4E33 /* ContentView.swift */ = {isa = PBXFileReference; lastKnownFileType = sourcecode.swift; path = ContentView.swift; sourceTree = "<group>"; };
		FF60860027F43D8B00EB4E33 /* Assets.xcassets */ = {isa = PBXFileReference; lastKnownFileType = folder.assetcatalog; path = Assets.xcassets; sourceTree = "<group>"; };
		FF60860327F43D8B00EB4E33 /* Preview Assets.xcassets */ = {isa = PBXFileReference; lastKnownFileType = folder.assetcatalog; path = "Preview Assets.xcassets"; sourceTree = "<group>"; };
		FF60861827F4468500EB4E33 /* LoginViewModel.swift */ = {isa = PBXFileReference; lastKnownFileType = sourcecode.swift; path = LoginViewModel.swift; sourceTree = "<group>"; };
		FFDC619427F49958005C8BDF /* GoogleService-Info.plist */ = {isa = PBXFileReference; fileEncoding = 4; lastKnownFileType = text.plist.xml; path = "GoogleService-Info.plist"; sourceTree = "<group>"; };
		FFDC619627F49CD9005C8BDF /* SuccesView.swift */ = {isa = PBXFileReference; lastKnownFileType = sourcecode.swift; path = SuccesView.swift; sourceTree = "<group>"; };
/* End PBXFileReference section */

/* Begin PBXFrameworksBuildPhase section */
		FF6085F627F43D8900EB4E33 /* Frameworks */ = {
			isa = PBXFrameworksBuildPhase;
			buildActionMask = 2147483647;
			files = (
				FF57D0DE27F4BF9300BE2F77 /* SDWebImageSwiftUI in Frameworks */,
				FF60861227F4463E00EB4E33 /* FirebaseDatabase in Frameworks */,
				FF60861627F4463E00EB4E33 /* FirebaseStorage in Frameworks */,
				FF60861027F4463E00EB4E33 /* FirebaseAuth in Frameworks */,
				FF60861427F4463E00EB4E33 /* FirebaseFirestore in Frameworks */,
			);
			runOnlyForDeploymentPostprocessing = 0;
		};
/* End PBXFrameworksBuildPhase section */

/* Begin PBXGroup section */
		FF57D0CF27F4A0A900BE2F77 /* Helpers */ = {
			isa = PBXGroup;
			children = (
				FF57D0D027F4A0B900BE2F77 /* ImagePicker.swift */,
			);
			path = Helpers;
			sourceTree = "<group>";
		};
		FF57D0D727F4A46800BE2F77 /* Components */ = {
			isa = PBXGroup;
			children = (
				FF57D0D827F4A47800BE2F77 /* TextFields.swift */,
				FF57D0DA27F4A64800BE2F77 /* SecureTextFields.swift */,
			);
			path = Components;
			sourceTree = "<group>";
		};
		FF6085F027F43D8900EB4E33 = {
			isa = PBXGroup;
			children = (
				FFDC619427F49958005C8BDF /* GoogleService-Info.plist */,
				FF6085FB27F43D8900EB4E33 /* FirebaseAuth-SwiftUI */,
				FF6085FA27F43D8900EB4E33 /* Products */,
			);
			sourceTree = "<group>";
		};
		FF6085FA27F43D8900EB4E33 /* Products */ = {
			isa = PBXGroup;
			children = (
				FF6085F927F43D8900EB4E33 /* FirebaseAuth-SwiftUI.app */,
			);
			name = Products;
			sourceTree = "<group>";
		};
		FF6085FB27F43D8900EB4E33 /* FirebaseAuth-SwiftUI */ = {
			isa = PBXGroup;
			children = (
				FF57D0D727F4A46800BE2F77 /* Components */,
				FF57D0CF27F4A0A900BE2F77 /* Helpers */,
				FF60861727F4467400EB4E33 /* ViewModel */,
				FF60860D27F4457F00EB4E33 /* View */,
				FF6085FC27F43D8900EB4E33 /* FirebaseAuth_SwiftUIApp.swift */,
				FF60860027F43D8B00EB4E33 /* Assets.xcassets */,
				FF60860227F43D8B00EB4E33 /* Preview Content */,
			);
			path = "FirebaseAuth-SwiftUI";
			sourceTree = "<group>";
		};
		FF60860227F43D8B00EB4E33 /* Preview Content */ = {
			isa = PBXGroup;
			children = (
				FF60860327F43D8B00EB4E33 /* Preview Assets.xcassets */,
			);
			path = "Preview Content";
			sourceTree = "<group>";
		};
		FF60860D27F4457F00EB4E33 /* View */ = {
			isa = PBXGroup;
			children = (
				FF6085FE27F43D8900EB4E33 /* ContentView.swift */,
				FFDC619627F49CD9005C8BDF /* SuccesView.swift */,
				FF2E5CE427F4A02A0080882D /* RegisterView.swift */,
			);
			path = View;
			sourceTree = "<group>";
		};
		FF60861727F4467400EB4E33 /* ViewModel */ = {
			isa = PBXGroup;
			children = (
				FF60861827F4468500EB4E33 /* LoginViewModel.swift */,
				FF57D0D227F4A0EB00BE2F77 /* SuccesViewModel.swift */,
				FF57D0D427F4A14800BE2F77 /* RegisterViewModel.swift */,
			);
			path = ViewModel;
			sourceTree = "<group>";
		};
/* End PBXGroup section */

/* Begin PBXNativeTarget section */
		FF6085F827F43D8900EB4E33 /* FirebaseAuth-SwiftUI */ = {
			isa = PBXNativeTarget;
			buildConfigurationList = FF60860727F43D8B00EB4E33 /* Build configuration list for PBXNativeTarget "FirebaseAuth-SwiftUI" */;
			buildPhases = (
				FF6085F527F43D8900EB4E33 /* Sources */,
				FF6085F627F43D8900EB4E33 /* Frameworks */,
				FF6085F727F43D8900EB4E33 /* Resources */,
			);
			buildRules = (
			);
			dependencies = (
			);
			name = "FirebaseAuth-SwiftUI";
			packageProductDependencies = (
				FF60860F27F4463E00EB4E33 /* FirebaseAuth */,
				FF60861127F4463E00EB4E33 /* FirebaseDatabase */,
				FF60861327F4463E00EB4E33 /* FirebaseFirestore */,
				FF60861527F4463E00EB4E33 /* FirebaseStorage */,
				FF57D0DD27F4BF9300BE2F77 /* SDWebImageSwiftUI */,
			);
			productName = "FirebaseAuth-SwiftUI";
			productReference = FF6085F927F43D8900EB4E33 /* FirebaseAuth-SwiftUI.app */;
			productType = "com.apple.product-type.application";
		};
/* End PBXNativeTarget section */

/* Begin PBXProject section */
		FF6085F127F43D8900EB4E33 /* Project object */ = {
			isa = PBXProject;
			attributes = {
				BuildIndependentTargetsInParallel = 1;
				LastSwiftUpdateCheck = 1330;
				LastUpgradeCheck = 1330;
				TargetAttributes = {
					FF6085F827F43D8900EB4E33 = {
						CreatedOnToolsVersion = 13.3;
					};
				};
			};
			buildConfigurationList = FF6085F427F43D8900EB4E33 /* Build configuration list for PBXProject "FirebaseAuth-SwiftUI" */;
			compatibilityVersion = "Xcode 13.0";
			developmentRegion = en;
			hasScannedForEncodings = 0;
			knownRegions = (
				en,
				Base,
			);
			mainGroup = FF6085F027F43D8900EB4E33;
			packageReferences = (
				FF60860E27F4463E00EB4E33 /* XCRemoteSwiftPackageReference "firebase-ios-sdk" */,
				FF57D0DC27F4BF9300BE2F77 /* XCRemoteSwiftPackageReference "SDWebImageSwiftUI" */,
			);
			productRefGroup = FF6085FA27F43D8900EB4E33 /* Products */;
			projectDirPath = "";
			projectRoot = "";
			targets = (
				FF6085F827F43D8900EB4E33 /* FirebaseAuth-SwiftUI */,
			);
		};
/* End PBXProject section */

/* Begin PBXResourcesBuildPhase section */
		FF6085F727F43D8900EB4E33 /* Resources */ = {
			isa = PBXResourcesBuildPhase;
			buildActionMask = 2147483647;
			files = (
				FF60860427F43D8B00EB4E33 /* Preview Assets.xcassets in Resources */,
				FF60860127F43D8B00EB4E33 /* Assets.xcassets in Resources */,
				FFDC619527F49958005C8BDF /* GoogleService-Info.plist in Resources */,
			);
			runOnlyForDeploymentPostprocessing = 0;
		};
/* End PBXResourcesBuildPhase section */

/* Begin PBXSourcesBuildPhase section */
		FF6085F527F43D8900EB4E33 /* Sources */ = {
			isa = PBXSourcesBuildPhase;
			buildActionMask = 2147483647;
			files = (
				FFDC619727F49CD9005C8BDF /* SuccesView.swift in Sources */,
				FF2E5CE527F4A02A0080882D /* RegisterView.swift in Sources */,
				FF57D0D327F4A0EB00BE2F77 /* SuccesViewModel.swift in Sources */,
				FF57D0D527F4A14800BE2F77 /* RegisterViewModel.swift in Sources */,
				FF60861927F4468500EB4E33 /* LoginViewModel.swift in Sources */,
				FF57D0D927F4A47800BE2F77 /* TextFields.swift in Sources */,
				FF57D0DB27F4A64800BE2F77 /* SecureTextFields.swift in Sources */,
				FF57D0D127F4A0B900BE2F77 /* ImagePicker.swift in Sources */,
				FF6085FF27F43D8900EB4E33 /* ContentView.swift in Sources */,
				FF6085FD27F43D8900EB4E33 /* FirebaseAuth_SwiftUIApp.swift in Sources */,
			);
			runOnlyForDeploymentPostprocessing = 0;
		};
/* End PBXSourcesBuildPhase section */

/* Begin XCBuildConfiguration section */
		FF60860527F43D8B00EB4E33 /* Debug */ = {
			isa = XCBuildConfiguration;
			buildSettings = {
				ALWAYS_SEARCH_USER_PATHS = NO;
				CLANG_ANALYZER_NONNULL = YES;
				CLANG_ANALYZER_NUMBER_OBJECT_CONVERSION = YES_AGGRESSIVE;
				CLANG_CXX_LANGUAGE_STANDARD = "gnu++17";
				CLANG_ENABLE_MODULES = YES;
				CLANG_ENABLE_OBJC_ARC = YES;
				CLANG_ENABLE_OBJC_WEAK = YES;
				CLANG_WARN_BLOCK_CAPTURE_AUTORELEASING = YES;
				CLANG_WARN_BOOL_CONVERSION = YES;
				CLANG_WARN_COMMA = YES;
				CLANG_WARN_CONSTANT_CONVERSION = YES;
				CLANG_WARN_DEPRECATED_OBJC_IMPLEMENTATIONS = YES;
				CLANG_WARN_DIRECT_OBJC_ISA_USAGE = YES_ERROR;
				CLANG_WARN_DOCUMENTATION_COMMENTS = YES;
				CLANG_WARN_EMPTY_BODY = YES;
				CLANG_WARN_ENUM_CONVERSION = YES;
				CLANG_WARN_INFINITE_RECURSION = YES;
				CLANG_WARN_INT_CONVERSION = YES;
				CLANG_WARN_NON_LITERAL_NULL_CONVERSION = YES;
				CLANG_WARN_OBJC_IMPLICIT_RETAIN_SELF = YES;
				CLANG_WARN_OBJC_LITERAL_CONVERSION = YES;
				CLANG_WARN_OBJC_ROOT_CLASS = YES_ERROR;
				CLANG_WARN_QUOTED_INCLUDE_IN_FRAMEWORK_HEADER = YES;
				CLANG_WARN_RANGE_LOOP_ANALYSIS = YES;
				CLANG_WARN_STRICT_PROTOTYPES = YES;
				CLANG_WARN_SUSPICIOUS_MOVE = YES;
				CLANG_WARN_UNGUARDED_AVAILABILITY = YES_AGGRESSIVE;
				CLANG_WARN_UNREACHABLE_CODE = YES;
				CLANG_WARN__DUPLICATE_METHOD_MATCH = YES;
				COPY_PHASE_STRIP = NO;
				DEBUG_INFORMATION_FORMAT = dwarf;
				ENABLE_STRICT_OBJC_MSGSEND = YES;
				ENABLE_TESTABILITY = YES;
				GCC_C_LANGUAGE_STANDARD = gnu11;
				GCC_DYNAMIC_NO_PIC = NO;
				GCC_NO_COMMON_BLOCKS = YES;
				GCC_OPTIMIZATION_LEVEL = 0;
				GCC_PREPROCESSOR_DEFINITIONS = (
					"DEBUG=1",
					"$(inherited)",
				);
				GCC_WARN_64_TO_32_BIT_CONVERSION = YES;
				GCC_WARN_ABOUT_RETURN_TYPE = YES_ERROR;
				GCC_WARN_UNDECLARED_SELECTOR = YES;
				GCC_WARN_UNINITIALIZED_AUTOS = YES_AGGRESSIVE;
				GCC_WARN_UNUSED_FUNCTION = YES;
				GCC_WARN_UNUSED_VARIABLE = YES;
				IPHONEOS_DEPLOYMENT_TARGET = 15.4;
				MTL_ENABLE_DEBUG_INFO = INCLUDE_SOURCE;
				MTL_FAST_MATH = YES;
				ONLY_ACTIVE_ARCH = YES;
				SDKROOT = iphoneos;
				SWIFT_ACTIVE_COMPILATION_CONDITIONS = DEBUG;
				SWIFT_OPTIMIZATION_LEVEL = "-Onone";
			};
			name = Debug;
		};
		FF60860627F43D8B00EB4E33 /* Release */ = {
			isa = XCBuildConfiguration;
			buildSettings = {
				ALWAYS_SEARCH_USER_PATHS = NO;
				CLANG_ANALYZER_NONNULL = YES;
				CLANG_ANALYZER_NUMBER_OBJECT_CONVERSION = YES_AGGRESSIVE;
				CLANG_CXX_LANGUAGE_STANDARD = "gnu++17";
				CLANG_ENABLE_MODULES = YES;
				CLANG_ENABLE_OBJC_ARC = YES;
				CLANG_ENABLE_OBJC_WEAK = YES;
				CLANG_WARN_BLOCK_CAPTURE_AUTORELEASING = YES;
				CLANG_WARN_BOOL_CONVERSION = YES;
				CLANG_WARN_COMMA = YES;
				CLANG_WARN_CONSTANT_CONVERSION = YES;
				CLANG_WARN_DEPRECATED_OBJC_IMPLEMENTATIONS = YES;
				CLANG_WARN_DIRECT_OBJC_ISA_USAGE = YES_ERROR;
				CLANG_WARN_DOCUMENTATION_COMMENTS = YES;
				CLANG_WARN_EMPTY_BODY = YES;
				CLANG_WARN_ENUM_CONVERSION = YES;
				CLANG_WARN_INFINITE_RECURSION = YES;
				CLANG_WARN_INT_CONVERSION = YES;
				CLANG_WARN_NON_LITERAL_NULL_CONVERSION = YES;
				CLANG_WARN_OBJC_IMPLICIT_RETAIN_SELF = YES;
				CLANG_WARN_OBJC_LITERAL_CONVERSION = YES;
				CLANG_WARN_OBJC_ROOT_CLASS = YES_ERROR;
				CLANG_WARN_QUOTED_INCLUDE_IN_FRAMEWORK_HEADER = YES;
				CLANG_WARN_RANGE_LOOP_ANALYSIS = YES;
				CLANG_WARN_STRICT_PROTOTYPES = YES;
				CLANG_WARN_SUSPICIOUS_MOVE = YES;
				CLANG_WARN_UNGUARDED_AVAILABILITY = YES_AGGRESSIVE;
				CLANG_WARN_UNREACHABLE_CODE = YES;
				CLANG_WARN__DUPLICATE_METHOD_MATCH = YES;
				COPY_PHASE_STRIP = NO;
				DEBUG_INFORMATION_FORMAT = "dwarf-with-dsym";
				ENABLE_NS_ASSERTIONS = NO;
				ENABLE_STRICT_OBJC_MSGSEND = YES;
				GCC_C_LANGUAGE_STANDARD = gnu11;
				GCC_NO_COMMON_BLOCKS = YES;
				GCC_WARN_64_TO_32_BIT_CONVERSION = YES;
				GCC_WARN_ABOUT_RETURN_TYPE = YES_ERROR;
				GCC_WARN_UNDECLARED_SELECTOR = YES;
				GCC_WARN_UNINITIALIZED_AUTOS = YES_AGGRESSIVE;
				GCC_WARN_UNUSED_FUNCTION = YES;
				GCC_WARN_UNUSED_VARIABLE = YES;
				IPHONEOS_DEPLOYMENT_TARGET = 15.4;
				MTL_ENABLE_DEBUG_INFO = NO;
				MTL_FAST_MATH = YES;
				SDKROOT = iphoneos;
				SWIFT_COMPILATION_MODE = wholemodule;
				SWIFT_OPTIMIZATION_LEVEL = "-O";
				VALIDATE_PRODUCT = YES;
			};
			name = Release;
		};
		FF60860827F43D8B00EB4E33 /* Debug */ = {
			isa = XCBuildConfiguration;
			buildSettings = {
				ASSETCATALOG_COMPILER_APPICON_NAME = AppIcon;
				ASSETCATALOG_COMPILER_GLOBAL_ACCENT_COLOR_NAME = AccentColor;
				CODE_SIGN_STYLE = Automatic;
				CURRENT_PROJECT_VERSION = 1;
				DEVELOPMENT_ASSET_PATHS = "\"FirebaseAuth-SwiftUI/Preview Content\"";
				DEVELOPMENT_TEAM = M9MHSW8NNM;
				ENABLE_PREVIEWS = YES;
				GENERATE_INFOPLIST_FILE = YES;
				INFOPLIST_KEY_UIApplicationSceneManifest_Generation = YES;
				INFOPLIST_KEY_UIApplicationSupportsIndirectInputEvents = YES;
				INFOPLIST_KEY_UILaunchScreen_Generation = YES;
				INFOPLIST_KEY_UISupportedInterfaceOrientations_iPad = "UIInterfaceOrientationPortrait UIInterfaceOrientationPortraitUpsideDown UIInterfaceOrientationLandscapeLeft UIInterfaceOrientationLandscapeRight";
				INFOPLIST_KEY_UISupportedInterfaceOrientations_iPhone = "UIInterfaceOrientationPortrait UIInterfaceOrientationLandscapeLeft UIInterfaceOrientationLandscapeRight";
				LD_RUNPATH_SEARCH_PATHS = (
					"$(inherited)",
					"@executable_path/Frameworks",
				);
				MARKETING_VERSION = 1.0;
				PRODUCT_BUNDLE_IDENTIFIER = "kaan.FirebaseAuth-SwiftUI";
				PRODUCT_NAME = "$(TARGET_NAME)";
				SWIFT_EMIT_LOC_STRINGS = YES;
				SWIFT_VERSION = 5.0;
				TARGETED_DEVICE_FAMILY = "1,2";
			};
			name = Debug;
		};
		FF60860927F43D8B00EB4E33 /* Release */ = {
			isa = XCBuildConfiguration;
			buildSettings = {
				ASSETCATALOG_COMPILER_APPICON_NAME = AppIcon;
				ASSETCATALOG_COMPILER_GLOBAL_ACCENT_COLOR_NAME = AccentColor;
				CODE_SIGN_STYLE = Automatic;
				CURRENT_PROJECT_VERSION = 1;
				DEVELOPMENT_ASSET_PATHS = "\"FirebaseAuth-SwiftUI/Preview Content\"";
				DEVELOPMENT_TEAM = M9MHSW8NNM;
				ENABLE_PREVIEWS = YES;
				GENERATE_INFOPLIST_FILE = YES;
				INFOPLIST_KEY_UIApplicationSceneManifest_Generation = YES;
				INFOPLIST_KEY_UIApplicationSupportsIndirectInputEvents = YES;
				INFOPLIST_KEY_UILaunchScreen_Generation = YES;
				INFOPLIST_KEY_UISupportedInterfaceOrientations_iPad = "UIInterfaceOrientationPortrait UIInterfaceOrientationPortraitUpsideDown UIInterfaceOrientationLandscapeLeft UIInterfaceOrientationLandscapeRight";
				INFOPLIST_KEY_UISupportedInterfaceOrientations_iPhone = "UIInterfaceOrientationPortrait UIInterfaceOrientationLandscapeLeft UIInterfaceOrientationLandscapeRight";
				LD_RUNPATH_SEARCH_PATHS = (
					"$(inherited)",
					"@executable_path/Frameworks",
				);
				MARKETING_VERSION = 1.0;
				PRODUCT_BUNDLE_IDENTIFIER = "kaan.FirebaseAuth-SwiftUI";
				PRODUCT_NAME = "$(TARGET_NAME)";
				SWIFT_EMIT_LOC_STRINGS = YES;
				SWIFT_VERSION = 5.0;
				TARGETED_DEVICE_FAMILY = "1,2";
			};
			name = Release;
		};
/* End XCBuildConfiguration section */

/* Begin XCConfigurationList section */
		FF6085F427F43D8900EB4E33 /* Build configuration list for PBXProject "FirebaseAuth-SwiftUI" */ = {
			isa = XCConfigurationList;
			buildConfigurations = (
				FF60860527F43D8B00EB4E33 /* Debug */,
				FF60860627F43D8B00EB4E33 /* Release */,
			);
			defaultConfigurationIsVisible = 0;
			defaultConfigurationName = Release;
		};
		FF60860727F43D8B00EB4E33 /* Build configuration list for PBXNativeTarget "FirebaseAuth-SwiftUI" */ = {
			isa = XCConfigurationList;
			buildConfigurations = (
				FF60860827F43D8B00EB4E33 /* Debug */,
				FF60860927F43D8B00EB4E33 /* Release */,
			);
			defaultConfigurationIsVisible = 0;
			defaultConfigurationName = Release;
		};
/* End XCConfigurationList section */

/* Begin XCRemoteSwiftPackageReference section */
		FF57D0DC27F4BF9300BE2F77 /* XCRemoteSwiftPackageReference "SDWebImageSwiftUI" */ = {
			isa = XCRemoteSwiftPackageReference;
			repositoryURL = "https://github.com/SDWebImage/SDWebImageSwiftUI";
			requirement = {
				branch = master;
				kind = branch;
			};
		};
		FF60860E27F4463E00EB4E33 /* XCRemoteSwiftPackageReference "firebase-ios-sdk" */ = {
			isa = XCRemoteSwiftPackageReference;
			repositoryURL = "https://github.com/firebase/firebase-ios-sdk.git";
			requirement = {
				branch = master;
				kind = branch;
			};
		};
/* End XCRemoteSwiftPackageReference section */

/* Begin XCSwiftPackageProductDependency section */
		FF57D0DD27F4BF9300BE2F77 /* SDWebImageSwiftUI */ = {
			isa = XCSwiftPackageProductDependency;
			package = FF57D0DC27F4BF9300BE2F77 /* XCRemoteSwiftPackageReference "SDWebImageSwiftUI" */;
			productName = SDWebImageSwiftUI;
		};
		FF60860F27F4463E00EB4E33 /* FirebaseAuth */ = {
			isa = XCSwiftPackageProductDependency;
			package = FF60860E27F4463E00EB4E33 /* XCRemoteSwiftPackageReference "firebase-ios-sdk" */;
			productName = FirebaseAuth;
		};
		FF60861127F4463E00EB4E33 /* FirebaseDatabase */ = {
			isa = XCSwiftPackageProductDependency;
			package = FF60860E27F4463E00EB4E33 /* XCRemoteSwiftPackageReference "firebase-ios-sdk" */;
			productName = FirebaseDatabase;
		};
		FF60861327F4463E00EB4E33 /* FirebaseFirestore */ = {
			isa = XCSwiftPackageProductDependency;
			package = FF60860E27F4463E00EB4E33 /* XCRemoteSwiftPackageReference "firebase-ios-sdk" */;
			productName = FirebaseFirestore;
		};
		FF60861527F4463E00EB4E33 /* FirebaseStorage */ = {
			isa = XCSwiftPackageProductDependency;
			package = FF60860E27F4463E00EB4E33 /* XCRemoteSwiftPackageReference "firebase-ios-sdk" */;
			productName = FirebaseStorage;
		};
/* End XCSwiftPackageProductDependency section */
	};
	rootObject = FF6085F127F43D8900EB4E33 /* Project object */;
}
